{
  "name": "ApisWeb",
  "version": "1.0.0",
  "lockfileVersion": 2,
  "requires": true,
  "packages": {
    "": {
      "version": "1.0.0",
      "license": "ISC",
      "dependencies": {
        "fhirclient": "^2.3.11",
        "rnds": "^0.0.29"
      }
    },
    "node_modules/@hapi/hoek": {
      "version": "9.1.1",
      "resolved": "https://registry.npmjs.org/@hapi/hoek/-/hoek-9.1.1.tgz",
      "integrity": "sha512-CAEbWH7OIur6jEOzaai83jq3FmKmv4PmX1JYfs9IrYcGEVI/lyL1EXJGCj7eFVJ0bg5QR8LMxBlEtA+xKiLpFw==",
      "peer": true
    },
    "node_modules/@hapi/topo": {
      "version": "5.0.0",
      "resolved": "https://registry.npmjs.org/@hapi/topo/-/topo-5.0.0.tgz",
      "integrity": "sha512-tFJlT47db0kMqVm3H4nQYgn6Pwg10GTZHb1pwmSiv1K4ks6drQOtfEF5ZnPjkvC+y4/bUPHK+bc87QvLcL+WMw==",
      "peer": true,
      "dependencies": {
        "@hapi/hoek": "^9.0.0"
      }
    },
    "node_modules/@sideway/address": {
      "version": "4.1.1",
      "resolved": "https://registry.npmjs.org/@sideway/address/-/address-4.1.1.tgz",
      "integrity": "sha512-+I5aaQr3m0OAmMr7RQ3fR9zx55sejEYR2BFJaxL+zT3VM2611X0SHvPWIbAUBZVTn/YzYKbV8gJ2oT/QELknfQ==",
      "peer": true,
      "dependencies": {
        "@hapi/hoek": "^9.0.0"
      }
    },
    "node_modules/@sideway/formula": {
      "version": "3.0.0",
      "resolved": "https://registry.npmjs.org/@sideway/formula/-/formula-3.0.0.tgz",
      "integrity": "sha512-vHe7wZ4NOXVfkoRb8T5otiENVlT7a3IAiw7H5M2+GO+9CDgcVUUsX1zalAztCmwyOr2RUTGJdgB+ZvSVqmdHmg==",
      "peer": true
    },
    "node_modules/@sideway/pinpoint": {
      "version": "2.0.0",
      "resolved": "https://registry.npmjs.org/@sideway/pinpoint/-/pinpoint-2.0.0.tgz",
      "integrity": "sha512-RNiOoTPkptFtSVzQevY/yWtZwf/RxyVnPy/OcA9HBM3MlGDnBEYL5B41H0MTn0Uec8Hi+2qUtTfG2WWZBmMejQ==",
      "peer": true
    },
    "node_modules/@types/boom": {
      "version": "7.3.0",
      "resolved": "https://registry.npmjs.org/@types/boom/-/boom-7.3.0.tgz",
      "integrity": "sha512-PH7bfkt1nu4pnlxz+Ws+wwJJF1HE12W3ia+Iace2JT7q56DLH3hbyjOJyNHJYRxk3PkKaC36fHfHKyeG1rMgCA==",
      "peer": true
    },
    "node_modules/@types/catbox": {
      "version": "10.0.6",
      "resolved": "https://registry.npmjs.org/@types/catbox/-/catbox-10.0.6.tgz",
      "integrity": "sha512-qS0VHlL6eBUUoUeBnI/ASCffoniS62zdV6IUtLSIjGKmRhZNawotaOMsTYivZOTZVktfe9koAJkD9XFac7tEEg==",
      "peer": true
    },
    "node_modules/@types/hapi": {
      "version": "18.0.5",
      "resolved": "https://registry.npmjs.org/@types/hapi/-/hapi-18.0.5.tgz",
      "integrity": "sha512-OnBslvAL//tsTZemW8wSGrVUj7BgtS16kBicgKCtEpHle9A3pOd7X4ViykKv/X3rh7g636mDzoqQ27+Ols5GQw==",
      "peer": true,
      "dependencies": {
        "@types/boom": "*",
        "@types/catbox": "*",
        "@types/iron": "*",
        "@types/mimos": "*",
        "@types/node": "*",
        "@types/podium": "*",
        "@types/shot": "*",
        "joi": "^17.3.0"
      }
    },
    "node_modules/@types/iron": {
      "version": "5.0.1",
      "resolved": "https://registry.npmjs.org/@types/iron/-/iron-5.0.1.tgz",
      "integrity": "sha512-Ng5BkVGPt7Tw9k1OJ6qYwuD9+dmnWgActmsnnrdvs4075N8V2go1f6Pz8omG3q5rbHjXN6yzzZDYo3JOgAE/Ug==",
      "peer": true,
      "dependencies": {
        "@types/node": "*"
      }
    },
    "node_modules/@types/mime-db": {
      "version": "1.43.0",
      "resolved": "https://registry.npmjs.org/@types/mime-db/-/mime-db-1.43.0.tgz",
      "integrity": "sha512-nCqnKWfvDzTVRh8NS9Zn+rnZYs5+iw5hx3G0nFgKM/R2mJQwPChin4DQ4zXlXnxTtc/3Ys5FnWweKW6NW+d2aw==",
      "peer": true
    },
    "node_modules/@types/mimos": {
      "version": "3.0.2",
      "resolved": "https://registry.npmjs.org/@types/mimos/-/mimos-3.0.2.tgz",
      "integrity": "sha512-UG3sdP/9HOk0oA1l8VylaZ0fjy6O/QGEeivOK9JhMjgJkcBJRdfsI6FtXFtg6UH17txmxuDOiIsTlrpBkayK0A==",
      "peer": true,
      "dependencies": {
        "@types/mime-db": "*"
      }
    },
    "node_modules/@types/node": {
      "version": "14.14.25",
      "resolved": "https://registry.npmjs.org/@types/node/-/node-14.14.25.tgz",
      "integrity": "sha512-EPpXLOVqDvisVxtlbvzfyqSsFeQxltFbluZNRndIb8tr9KiBnYNLzrc1N3pyKUCww2RNrfHDViqDWWE1LCJQtQ==",
      "peer": true
    },
    "node_modules/@types/podium": {
      "version": "1.0.0",
      "resolved": "https://registry.npmjs.org/@types/podium/-/podium-1.0.0.tgz",
      "integrity": "sha1-v6ohUb4rHWEJzGn3+qnawsujuyA=",
      "peer": true
    },
    "node_modules/@types/shot": {
      "version": "4.0.0",
      "resolved": "https://registry.npmjs.org/@types/shot/-/shot-4.0.0.tgz",
      "integrity": "sha512-Xv+n8yfccuicMlwBY58K5PVVNtXRm7uDzcwwmCarBxMP+XxGfnh1BI06YiVAsPbTAzcnYsrzpoS5QHeyV7LS8A==",
      "peer": true,
      "dependencies": {
        "@types/node": "*"
      }
    },
    "node_modules/abortcontroller-polyfill": {
      "version": "1.7.1",
      "resolved": "https://registry.npmjs.org/abortcontroller-polyfill/-/abortcontroller-polyfill-1.7.1.tgz",
      "integrity": "sha512-yml9NiDEH4M4p0G4AcPkg8AAa4mF3nfYF28VQxaokpO67j9H7gWgmsVWJ/f1Rn+PzsnDYvzJzWIQzCqDKRvWlA=="
    },
    "node_modules/core-js": {
      "version": "3.8.3",
      "resolved": "https://registry.npmjs.org/core-js/-/core-js-3.8.3.tgz",
      "integrity": "sha512-KPYXeVZYemC2TkNEkX/01I+7yd+nX3KddKwZ1Ww7SKWdI2wQprSgLmrTddT8nw92AjEklTsPBoSdQBhbI1bQ6Q==",
      "hasInstallScript": true,
      "funding": {
        "type": "opencollective",
        "url": "https://opencollective.com/core-js"
      }
    },
    "node_modules/cross-fetch": {
      "version": "3.0.6",
      "resolved": "https://registry.npmjs.org/cross-fetch/-/cross-fetch-3.0.6.tgz",
      "integrity": "sha512-KBPUbqgFjzWlVcURG+Svp9TlhA5uliYtiNx/0r8nv0pdypeQCRJ9IaSIc3q/x3q8t3F75cHuwxVql1HFGHCNJQ==",
      "dependencies": {
        "node-fetch": "2.6.1"
      }
    },
    "node_modules/debug": {
      "version": "4.3.1",
      "resolved": "https://registry.npmjs.org/debug/-/debug-4.3.1.tgz",
      "integrity": "sha512-doEwdvm4PCeK4K3RQN2ZC2BYUBaxwLARCqZmMjtF8a51J2Rb0xpVloFRnCODwqjpwnAoao4pelN8l3RJdv3gRQ==",
      "dependencies": {
        "ms": "2.1.2"
      },
      "engines": {
        "node": ">=6.0"
      },
      "peerDependenciesMeta": {
        "supports-color": {
          "optional": true
        }
      }
    },
    "node_modules/fhirclient": {
      "version": "2.3.11",
      "resolved": "https://registry.npmjs.org/fhirclient/-/fhirclient-2.3.11.tgz",
      "integrity": "sha512-pBEcAJlMLeqrnDEYPDTV+BGooYIzwj0vsIjR7ppFF2qSHXEijgQ6IgyKkUB3EnnR4/UP91pCicjrnM/qFGV/2Q==",
      "dependencies": {
        "abortcontroller-polyfill": "^1.5.0",
        "core-js": "^3.6.5",
        "cross-fetch": "^3.0.5",
        "debug": "^4.1.1"
      },
      "engines": {
        "node": ">=10"
      },
      "peerDependencies": {
        "@types/hapi": ">=18",
        "@types/node": ">=10"
      }
    },
    "node_modules/follow-redirects": {
      "version": "1.13.2",
      "resolved": "https://registry.npmjs.org/follow-redirects/-/follow-redirects-1.13.2.tgz",
      "integrity": "sha512-6mPTgLxYm3r6Bkkg0vNM0HTjfGrOEtsfbhagQvbxDEsEkpNhw582upBaoRZylzen6krEmxXJgt9Ju6HiI4O7BA==",
      "funding": [
        {
          "type": "individual",
          "url": "https://github.com/sponsors/RubenVerborgh"
        }
      ],
      "engines": {
        "node": ">=4.0"
      },
      "peerDependenciesMeta": {
        "debug": {
          "optional": true
        }
      }
    },
    "node_modules/joi": {
      "version": "17.4.0",
      "resolved": "https://registry.npmjs.org/joi/-/joi-17.4.0.tgz",
      "integrity": "sha512-F4WiW2xaV6wc1jxete70Rw4V/VuMd6IN+a5ilZsxG4uYtUXWu2kq9W5P2dz30e7Gmw8RCbY/u/uk+dMPma9tAg==",
      "peer": true,
      "dependencies": {
        "@hapi/hoek": "^9.0.0",
        "@hapi/topo": "^5.0.0",
        "@sideway/address": "^4.1.0",
        "@sideway/formula": "^3.0.0",
        "@sideway/pinpoint": "^2.0.0"
      }
    },
    "node_modules/ms": {
      "version": "2.1.2",
      "resolved": "https://registry.npmjs.org/ms/-/ms-2.1.2.tgz",
      "integrity": "sha512-sGkPx+VjMtmA6MX27oA4FBFELFCZZ4S4XqeGOXCv68tT+jb3vk/RyaKWP0PTKyWtmLSM0b+adUTEvbs1PEaH2w=="
    },
    "node_modules/node-fetch": {
      "version": "2.6.1",
      "resolved": "https://registry.npmjs.org/node-fetch/-/node-fetch-2.6.1.tgz",
      "integrity": "sha512-V4aYg89jEoVRxRb2fJdAg8FHvI7cEyYdVAh94HH0UIK8oJxUfkjlDQN9RbMx+bEjP7+ggMiFRprSti032Oipxw==",
      "engines": {
        "node": "4.x || >=6.0.0"
      }
    },
    "node_modules/rnds": {
      "version": "0.0.29",
      "resolved": "https://registry.npmjs.org/rnds/-/rnds-0.0.29.tgz",
      "integrity": "sha512-QABJCiLxRkt5uAO2LUCD2dxjOhLEhOD8hA8Rtibm/FwqQ1VElWamhnUVUOzmfr0UWbTpebRX3tk51YT3HDDCCA==",
      "dependencies": {
        "follow-redirects": "^1.13.0"
      }
    }
  },
  "dependencies": {
    "@hapi/hoek": {
      "version": "9.1.1",
      "resolved": "https://registry.npmjs.org/@hapi/hoek/-/hoek-9.1.1.tgz",
      "integrity": "sha512-CAEbWH7OIur6jEOzaai83jq3FmKmv4PmX1JYfs9IrYcGEVI/lyL1EXJGCj7eFVJ0bg5QR8LMxBlEtA+xKiLpFw==",
      "peer": true
    },
    "@hapi/topo": {
      "version": "5.0.0",
      "resolved": "https://registry.npmjs.org/@hapi/topo/-/topo-5.0.0.tgz",
      "integrity": "sha512-tFJlT47db0kMqVm3H4nQYgn6Pwg10GTZHb1pwmSiv1K4ks6drQOtfEF5ZnPjkvC+y4/bUPHK+bc87QvLcL+WMw==",
      "peer": true,
      "requires": {
        "@hapi/hoek": "^9.0.0"
      }
    },
    "@sideway/address": {
      "version": "4.1.1",
      "resolved": "https://registry.npmjs.org/@sideway/address/-/address-4.1.1.tgz",
      "integrity": "sha512-+I5aaQr3m0OAmMr7RQ3fR9zx55sejEYR2BFJaxL+zT3VM2611X0SHvPWIbAUBZVTn/YzYKbV8gJ2oT/QELknfQ==",
      "peer": true,
      "requires": {
        "@hapi/hoek": "^9.0.0"
      }
    },
    "@sideway/formula": {
      "version": "3.0.0",
      "resolved": "https://registry.npmjs.org/@sideway/formula/-/formula-3.0.0.tgz",
      "integrity": "sha512-vHe7wZ4NOXVfkoRb8T5otiENVlT7a3IAiw7H5M2+GO+9CDgcVUUsX1zalAztCmwyOr2RUTGJdgB+ZvSVqmdHmg==",
      "peer": true
    },
    "@sideway/pinpoint": {
      "version": "2.0.0",
      "resolved": "https://registry.npmjs.org/@sideway/pinpoint/-/pinpoint-2.0.0.tgz",
      "integrity": "sha512-RNiOoTPkptFtSVzQevY/yWtZwf/RxyVnPy/OcA9HBM3MlGDnBEYL5B41H0MTn0Uec8Hi+2qUtTfG2WWZBmMejQ==",
      "peer": true
    },
    "@types/boom": {
      "version": "7.3.0",
      "resolved": "https://registry.npmjs.org/@types/boom/-/boom-7.3.0.tgz",
      "integrity": "sha512-PH7bfkt1nu4pnlxz+Ws+wwJJF1HE12W3ia+Iace2JT7q56DLH3hbyjOJyNHJYRxk3PkKaC36fHfHKyeG1rMgCA==",
      "peer": true
    },
    "@types/catbox": {
      "version": "10.0.6",
      "resolved": "https://registry.npmjs.org/@types/catbox/-/catbox-10.0.6.tgz",
      "integrity": "sha512-qS0VHlL6eBUUoUeBnI/ASCffoniS62zdV6IUtLSIjGKmRhZNawotaOMsTYivZOTZVktfe9koAJkD9XFac7tEEg==",
      "peer": true
    },
    "@types/hapi": {
      "version": "18.0.5",
      "resolved": "https://registry.npmjs.org/@types/hapi/-/hapi-18.0.5.tgz",
      "integrity": "sha512-OnBslvAL//tsTZemW8wSGrVUj7BgtS16kBicgKCtEpHle9A3pOd7X4ViykKv/X3rh7g636mDzoqQ27+Ols5GQw==",
      "peer": true,
      "requires": {
        "@types/boom": "*",
        "@types/catbox": "*",
        "@types/iron": "*",
        "@types/mimos": "*",
        "@types/node": "*",
        "@types/podium": "*",
        "@types/shot": "*",
        "joi": "^17.3.0"
      }
    },
    "@types/iron": {
      "version": "5.0.1",
      "resolved": "https://registry.npmjs.org/@types/iron/-/iron-5.0.1.tgz",
      "integrity": "sha512-Ng5BkVGPt7Tw9k1OJ6qYwuD9+dmnWgActmsnnrdvs4075N8V2go1f6Pz8omG3q5rbHjXN6yzzZDYo3JOgAE/Ug==",
      "peer": true,
      "requires": {
        "@types/node": "*"
      }
    },
    "@types/mime-db": {
      "version": "1.43.0",
      "resolved": "https://registry.npmjs.org/@types/mime-db/-/mime-db-1.43.0.tgz",
      "integrity": "sha512-nCqnKWfvDzTVRh8NS9Zn+rnZYs5+iw5hx3G0nFgKM/R2mJQwPChin4DQ4zXlXnxTtc/3Ys5FnWweKW6NW+d2aw==",
      "peer": true
    },
    "@types/mimos": {
      "version": "3.0.2",
      "resolved": "https://registry.npmjs.org/@types/mimos/-/mimos-3.0.2.tgz",
      "integrity": "sha512-UG3sdP/9HOk0oA1l8VylaZ0fjy6O/QGEeivOK9JhMjgJkcBJRdfsI6FtXFtg6UH17txmxuDOiIsTlrpBkayK0A==",
      "peer": true,
      "requires": {
        "@types/mime-db": "*"
      }
    },
    "@types/node": {
      "version": "14.14.25",
      "resolved": "https://registry.npmjs.org/@types/node/-/node-14.14.25.tgz",
      "integrity": "sha512-EPpXLOVqDvisVxtlbvzfyqSsFeQxltFbluZNRndIb8tr9KiBnYNLzrc1N3pyKUCww2RNrfHDViqDWWE1LCJQtQ==",
      "peer": true
    },
    "@types/podium": {
      "version": "1.0.0",
      "resolved": "https://registry.npmjs.org/@types/podium/-/podium-1.0.0.tgz",
      "integrity": "sha1-v6ohUb4rHWEJzGn3+qnawsujuyA=",
      "peer": true
    },
    "@types/shot": {
      "version": "4.0.0",
      "resolved": "https://registry.npmjs.org/@types/shot/-/shot-4.0.0.tgz",
      "integrity": "sha512-Xv+n8yfccuicMlwBY58K5PVVNtXRm7uDzcwwmCarBxMP+XxGfnh1BI06YiVAsPbTAzcnYsrzpoS5QHeyV7LS8A==",
      "peer": true,
      "requires": {
        "@types/node": "*"
      }
    },
    "abortcontroller-polyfill": {
      "version": "1.7.1",
      "resolved": "https://registry.npmjs.org/abortcontroller-polyfill/-/abortcontroller-polyfill-1.7.1.tgz",
      "integrity": "sha512-yml9NiDEH4M4p0G4AcPkg8AAa4mF3nfYF28VQxaokpO67j9H7gWgmsVWJ/f1Rn+PzsnDYvzJzWIQzCqDKRvWlA=="
    },
    "core-js": {
      "version": "3.8.3",
      "resolved": "https://registry.npmjs.org/core-js/-/core-js-3.8.3.tgz",
      "integrity": "sha512-KPYXeVZYemC2TkNEkX/01I+7yd+nX3KddKwZ1Ww7SKWdI2wQprSgLmrTddT8nw92AjEklTsPBoSdQBhbI1bQ6Q=="
    },
    "cross-fetch": {
      "version": "3.0.6",
      "resolved": "https://registry.npmjs.org/cross-fetch/-/cross-fetch-3.0.6.tgz",
      "integrity": "sha512-KBPUbqgFjzWlVcURG+Svp9TlhA5uliYtiNx/0r8nv0pdypeQCRJ9IaSIc3q/x3q8t3F75cHuwxVql1HFGHCNJQ==",
      "requires": {
        "node-fetch": "2.6.1"
      }
    },
    "debug": {
      "version": "4.3.1",
      "resolved": "https://registry.npmjs.org/debug/-/debug-4.3.1.tgz",
      "integrity": "sha512-doEwdvm4PCeK4K3RQN2ZC2BYUBaxwLARCqZmMjtF8a51J2Rb0xpVloFRnCODwqjpwnAoao4pelN8l3RJdv3gRQ==",
      "requires": {
        "ms": "2.1.2"
      }
    },
    "fhirclient": {
      "version": "2.3.11",
      "resolved": "https://registry.npmjs.org/fhirclient/-/fhirclient-2.3.11.tgz",
      "integrity": "sha512-pBEcAJlMLeqrnDEYPDTV+BGooYIzwj0vsIjR7ppFF2qSHXEijgQ6IgyKkUB3EnnR4/UP91pCicjrnM/qFGV/2Q==",
      "requires": {
        "abortcontroller-polyfill": "^1.5.0",
        "core-js": "^3.6.5",
        "cross-fetch": "^3.0.5",
        "debug": "^4.1.1"
      }
    },
    "follow-redirects": {
      "version": "1.13.2",
      "resolved": "https://registry.npmjs.org/follow-redirects/-/follow-redirects-1.13.2.tgz",
      "integrity": "sha512-6mPTgLxYm3r6Bkkg0vNM0HTjfGrOEtsfbhagQvbxDEsEkpNhw582upBaoRZylzen6krEmxXJgt9Ju6HiI4O7BA=="
    },
    "joi": {
      "version": "17.4.0",
      "resolved": "https://registry.npmjs.org/joi/-/joi-17.4.0.tgz",
      "integrity": "sha512-F4WiW2xaV6wc1jxete70Rw4V/VuMd6IN+a5ilZsxG4uYtUXWu2kq9W5P2dz30e7Gmw8RCbY/u/uk+dMPma9tAg==",
      "peer": true,
      "requires": {
        "@hapi/hoek": "^9.0.0",
        "@hapi/topo": "^5.0.0",
        "@sideway/address": "^4.1.0",
        "@sideway/formula": "^3.0.0",
        "@sideway/pinpoint": "^2.0.0"
      }
    },
    "ms": {
      "version": "2.1.2",
      "resolved": "https://registry.npmjs.org/ms/-/ms-2.1.2.tgz",
      "integrity": "sha512-sGkPx+VjMtmA6MX27oA4FBFELFCZZ4S4XqeGOXCv68tT+jb3vk/RyaKWP0PTKyWtmLSM0b+adUTEvbs1PEaH2w=="
    },
    "node-fetch": {
      "version": "2.6.1",
      "resolved": "https://registry.npmjs.org/node-fetch/-/node-fetch-2.6.1.tgz",
      "integrity": "sha512-V4aYg89jEoVRxRb2fJdAg8FHvI7cEyYdVAh94HH0UIK8oJxUfkjlDQN9RbMx+bEjP7+ggMiFRprSti032Oipxw=="
    },
    "rnds": {
      "version": "0.0.29",
      "resolved": "https://registry.npmjs.org/rnds/-/rnds-0.0.29.tgz",
      "integrity": "sha512-QABJCiLxRkt5uAO2LUCD2dxjOhLEhOD8hA8Rtibm/FwqQ1VElWamhnUVUOzmfr0UWbTpebRX3tk51YT3HDDCCA==",
      "requires": {
        "follow-redirects": "^1.13.0"
      }
    }
  }
}
